
Microsoft Visual Studio Solution File, Format Version 12.00
# Visual Studio Version 17
VisualStudioVersion = 17.0.31903.59
MinimumVisualStudioVersion = 10.0.40219.1
Project("{2150E333-8FDC-42A3-9474-1A3956D46DE8}") = "src", "src", "{15B804ED-84FB-40F7-BC4A-83D6B56A7975}"
EndProject
Project("{2150E333-8FDC-42A3-9474-1A3956D46DE8}") = "Modules", "Modules", "{BCC6954E-F0EE-48B1-A105-0954F4F4F247}"
EndProject
Project("{2150E333-8FDC-42A3-9474-1A3956D46DE8}") = "Common", "Common", "{A35770C3-740A-4D48-B36D-064718B59EAE}"
EndProject
Project("{FAE04EC0-301F-11D3-BF4B-00C04F79EFBC}") = "Modules.Common.Domain", "src\Modules\Common\Modules.Common.Domain\Modules.Common.Domain.csproj", "{D778758B-8EFB-4429-8775-D899C2D97739}"
EndProject
Project("{FAE04EC0-301F-11D3-BF4B-00C04F79EFBC}") = "Modules.Common.Application", "src\Modules\Common\Modules.Common.Application\Modules.Common.Application.csproj", "{A9AAF92F-2623-4D4A-8893-4F8AA0E7FC6D}"
EndProject
Project("{FAE04EC0-301F-11D3-BF4B-00C04F79EFBC}") = "Modules.Common.Infrastructure", "src\Modules\Common\Modules.Common.Infrastructure\Modules.Common.Infrastructure.csproj", "{AC43FF87-DC88-49EF-9435-28D3CE4B0DFE}"
EndProject
Project("{FAE04EC0-301F-11D3-BF4B-00C04F79EFBC}") = "Modules.Common.Presentation", "src\Modules\Common\Modules.Common.Presentation\Modules.Common.Presentation.csproj", "{BDEDA21D-A1A0-490D-9F6B-5E4AE8B7DC97}"
EndProject
Project("{FAE04EC0-301F-11D3-BF4B-00C04F79EFBC}") = "SkillHive.Api", "src\Api\SkillHive.Api.csproj", "{92EB2102-B82A-424C-881F-D6B4912AEB25}"
EndProject
Project("{2150E333-8FDC-42A3-9474-1A3956D46DE8}") = "Users", "Users", "{34DCB362-A91E-497E-B1BC-CB60B4670111}"
EndProject
Project("{FAE04EC0-301F-11D3-BF4B-00C04F79EFBC}") = "Modules.Users.Infrastructure", "src\Modules\Users\Modules.Users.Infrastructure\Modules.Users.Infrastructure.csproj", "{4A9008FA-FC1C-4886-B2F4-3139FFFB91F8}"
EndProject
Project("{FAE04EC0-301F-11D3-BF4B-00C04F79EFBC}") = "Modules.Users.Presentation", "src\Modules\Users\Modules.Users.Presentation\Modules.Users.Presentation.csproj", "{3B5C9534-60CD-4AF2-BF00-04C252495C0E}"
EndProject
Project("{FAE04EC0-301F-11D3-BF4B-00C04F79EFBC}") = "Modules.Users.Domain", "src\Modules\Users\Modules.Users.Domain\Modules.Users.Domain.csproj", "{35933D91-F76E-45E4-BD09-658C048256A7}"
EndProject
Project("{FAE04EC0-301F-11D3-BF4B-00C04F79EFBC}") = "Modules.Users.Application", "src\Modules\Users\Modules.Users.Application\Modules.Users.Application.csproj", "{51664C69-FB90-47A8-84C9-E58303042DCF}"
EndProject
Project("{2150E333-8FDC-42A3-9474-1A3956D46DE8}") = "Courses", "Courses", "{9EEACA6B-461D-4B50-9B6C-03B969EA192D}"
EndProject
Project("{FAE04EC0-301F-11D3-BF4B-00C04F79EFBC}") = "Modules.Courses.Domain", "src\Modules\Courses\Modules.Courses.Domain\Modules.Courses.Domain.csproj", "{684A26BC-2AD6-4483-84A9-8233FC33D5CE}"
EndProject
Project("{FAE04EC0-301F-11D3-BF4B-00C04F79EFBC}") = "Modules.Courses.Application", "src\Modules\Courses\Modules.Courses.Application\Modules.Courses.Application.csproj", "{6B4EED09-90DA-474B-91F0-FB400EBB3899}"
EndProject
Project("{FAE04EC0-301F-11D3-BF4B-00C04F79EFBC}") = "Modules.Courses.Infrastructure", "src\Modules\Courses\Modules.Courses.Infrastructure\Modules.Courses.Infrastructure.csproj", "{66D076A0-D501-4170-BC62-0CBADFBED2C2}"
EndProject
Project("{FAE04EC0-301F-11D3-BF4B-00C04F79EFBC}") = "Modules.Courses.Presentation", "src\Modules\Courses\Modules.Courses.Presentation\Modules.Courses.Presentation.csproj", "{8A20DB79-91D5-4A56-AE75-45CA478978E7}"
EndProject
Project("{FAE04EC0-301F-11D3-BF4B-00C04F79EFBC}") = "Modules.Courses.IntegrationEvents", "src\Modules\Courses\Modules.Courses.IntegrationEvents\Modules.Courses.IntegrationEvents.csproj", "{8AFAEABD-E308-4F25-8080-96188C7FF378}"
EndProject
Project("{FAE04EC0-301F-11D3-BF4B-00C04F79EFBC}") = "Modules.Users.IntegrationEvents", "src\Modules\Users\Modules.Users.IntegrationEvents\Modules.Users.IntegrationEvents.csproj", "{5486FF76-50AC-475E-8D6C-6224F538CCD7}"
EndProject
Global
	GlobalSection(SolutionConfigurationPlatforms) = preSolution
		Debug|Any CPU = Debug|Any CPU
		Release|Any CPU = Release|Any CPU
	EndGlobalSection
	GlobalSection(SolutionProperties) = preSolution
		HideSolutionNode = FALSE
	EndGlobalSection
	GlobalSection(ProjectConfigurationPlatforms) = postSolution
		{D778758B-8EFB-4429-8775-D899C2D97739}.Debug|Any CPU.ActiveCfg = Debug|Any CPU
		{D778758B-8EFB-4429-8775-D899C2D97739}.Debug|Any CPU.Build.0 = Debug|Any CPU
		{D778758B-8EFB-4429-8775-D899C2D97739}.Release|Any CPU.ActiveCfg = Release|Any CPU
		{D778758B-8EFB-4429-8775-D899C2D97739}.Release|Any CPU.Build.0 = Release|Any CPU
		{A9AAF92F-2623-4D4A-8893-4F8AA0E7FC6D}.Debug|Any CPU.ActiveCfg = Debug|Any CPU
		{A9AAF92F-2623-4D4A-8893-4F8AA0E7FC6D}.Debug|Any CPU.Build.0 = Debug|Any CPU
		{A9AAF92F-2623-4D4A-8893-4F8AA0E7FC6D}.Release|Any CPU.ActiveCfg = Release|Any CPU
		{A9AAF92F-2623-4D4A-8893-4F8AA0E7FC6D}.Release|Any CPU.Build.0 = Release|Any CPU
		{AC43FF87-DC88-49EF-9435-28D3CE4B0DFE}.Debug|Any CPU.ActiveCfg = Debug|Any CPU
		{AC43FF87-DC88-49EF-9435-28D3CE4B0DFE}.Debug|Any CPU.Build.0 = Debug|Any CPU
		{AC43FF87-DC88-49EF-9435-28D3CE4B0DFE}.Release|Any CPU.ActiveCfg = Release|Any CPU
		{AC43FF87-DC88-49EF-9435-28D3CE4B0DFE}.Release|Any CPU.Build.0 = Release|Any CPU
		{BDEDA21D-A1A0-490D-9F6B-5E4AE8B7DC97}.Debug|Any CPU.ActiveCfg = Debug|Any CPU
		{BDEDA21D-A1A0-490D-9F6B-5E4AE8B7DC97}.Debug|Any CPU.Build.0 = Debug|Any CPU
		{BDEDA21D-A1A0-490D-9F6B-5E4AE8B7DC97}.Release|Any CPU.ActiveCfg = Release|Any CPU
		{BDEDA21D-A1A0-490D-9F6B-5E4AE8B7DC97}.Release|Any CPU.Build.0 = Release|Any CPU
		{92EB2102-B82A-424C-881F-D6B4912AEB25}.Debug|Any CPU.ActiveCfg = Debug|Any CPU
		{92EB2102-B82A-424C-881F-D6B4912AEB25}.Debug|Any CPU.Build.0 = Debug|Any CPU
		{92EB2102-B82A-424C-881F-D6B4912AEB25}.Release|Any CPU.ActiveCfg = Release|Any CPU
		{92EB2102-B82A-424C-881F-D6B4912AEB25}.Release|Any CPU.Build.0 = Release|Any CPU
		{4A9008FA-FC1C-4886-B2F4-3139FFFB91F8}.Debug|Any CPU.ActiveCfg = Debug|Any CPU
		{4A9008FA-FC1C-4886-B2F4-3139FFFB91F8}.Debug|Any CPU.Build.0 = Debug|Any CPU
		{4A9008FA-FC1C-4886-B2F4-3139FFFB91F8}.Release|Any CPU.ActiveCfg = Release|Any CPU
		{4A9008FA-FC1C-4886-B2F4-3139FFFB91F8}.Release|Any CPU.Build.0 = Release|Any CPU
		{3B5C9534-60CD-4AF2-BF00-04C252495C0E}.Debug|Any CPU.ActiveCfg = Debug|Any CPU
		{3B5C9534-60CD-4AF2-BF00-04C252495C0E}.Debug|Any CPU.Build.0 = Debug|Any CPU
		{3B5C9534-60CD-4AF2-BF00-04C252495C0E}.Release|Any CPU.ActiveCfg = Release|Any CPU
		{3B5C9534-60CD-4AF2-BF00-04C252495C0E}.Release|Any CPU.Build.0 = Release|Any CPU
		{35933D91-F76E-45E4-BD09-658C048256A7}.Debug|Any CPU.ActiveCfg = Debug|Any CPU
		{35933D91-F76E-45E4-BD09-658C048256A7}.Debug|Any CPU.Build.0 = Debug|Any CPU
		{35933D91-F76E-45E4-BD09-658C048256A7}.Release|Any CPU.ActiveCfg = Release|Any CPU
		{35933D91-F76E-45E4-BD09-658C048256A7}.Release|Any CPU.Build.0 = Release|Any CPU
		{51664C69-FB90-47A8-84C9-E58303042DCF}.Debug|Any CPU.ActiveCfg = Debug|Any CPU
		{51664C69-FB90-47A8-84C9-E58303042DCF}.Debug|Any CPU.Build.0 = Debug|Any CPU
		{51664C69-FB90-47A8-84C9-E58303042DCF}.Release|Any CPU.ActiveCfg = Release|Any CPU
		{51664C69-FB90-47A8-84C9-E58303042DCF}.Release|Any CPU.Build.0 = Release|Any CPU
		{684A26BC-2AD6-4483-84A9-8233FC33D5CE}.Debug|Any CPU.ActiveCfg = Debug|Any CPU
		{684A26BC-2AD6-4483-84A9-8233FC33D5CE}.Debug|Any CPU.Build.0 = Debug|Any CPU
		{684A26BC-2AD6-4483-84A9-8233FC33D5CE}.Release|Any CPU.ActiveCfg = Release|Any CPU
		{684A26BC-2AD6-4483-84A9-8233FC33D5CE}.Release|Any CPU.Build.0 = Release|Any CPU
		{6B4EED09-90DA-474B-91F0-FB400EBB3899}.Debug|Any CPU.ActiveCfg = Debug|Any CPU
		{6B4EED09-90DA-474B-91F0-FB400EBB3899}.Debug|Any CPU.Build.0 = Debug|Any CPU
		{6B4EED09-90DA-474B-91F0-FB400EBB3899}.Release|Any CPU.ActiveCfg = Release|Any CPU
		{6B4EED09-90DA-474B-91F0-FB400EBB3899}.Release|Any CPU.Build.0 = Release|Any CPU
		{66D076A0-D501-4170-BC62-0CBADFBED2C2}.Debug|Any CPU.ActiveCfg = Debug|Any CPU
		{66D076A0-D501-4170-BC62-0CBADFBED2C2}.Debug|Any CPU.Build.0 = Debug|Any CPU
		{66D076A0-D501-4170-BC62-0CBADFBED2C2}.Release|Any CPU.ActiveCfg = Release|Any CPU
		{66D076A0-D501-4170-BC62-0CBADFBED2C2}.Release|Any CPU.Build.0 = Release|Any CPU
		{8A20DB79-91D5-4A56-AE75-45CA478978E7}.Debug|Any CPU.ActiveCfg = Debug|Any CPU
		{8A20DB79-91D5-4A56-AE75-45CA478978E7}.Debug|Any CPU.Build.0 = Debug|Any CPU
		{8A20DB79-91D5-4A56-AE75-45CA478978E7}.Release|Any CPU.ActiveCfg = Release|Any CPU
		{8A20DB79-91D5-4A56-AE75-45CA478978E7}.Release|Any CPU.Build.0 = Release|Any CPU
		{8AFAEABD-E308-4F25-8080-96188C7FF378}.Debug|Any CPU.ActiveCfg = Debug|Any CPU
		{8AFAEABD-E308-4F25-8080-96188C7FF378}.Debug|Any CPU.Build.0 = Debug|Any CPU
		{8AFAEABD-E308-4F25-8080-96188C7FF378}.Release|Any CPU.ActiveCfg = Release|Any CPU
		{8AFAEABD-E308-4F25-8080-96188C7FF378}.Release|Any CPU.Build.0 = Release|Any CPU
		{5486FF76-50AC-475E-8D6C-6224F538CCD7}.Debug|Any CPU.ActiveCfg = Debug|Any CPU
		{5486FF76-50AC-475E-8D6C-6224F538CCD7}.Debug|Any CPU.Build.0 = Debug|Any CPU
		{5486FF76-50AC-475E-8D6C-6224F538CCD7}.Release|Any CPU.ActiveCfg = Release|Any CPU
		{5486FF76-50AC-475E-8D6C-6224F538CCD7}.Release|Any CPU.Build.0 = Release|Any CPU
	EndGlobalSection
	GlobalSection(NestedProjects) = preSolution
		{BCC6954E-F0EE-48B1-A105-0954F4F4F247} = {15B804ED-84FB-40F7-BC4A-83D6B56A7975}
		{A35770C3-740A-4D48-B36D-064718B59EAE} = {BCC6954E-F0EE-48B1-A105-0954F4F4F247}
		{D778758B-8EFB-4429-8775-D899C2D97739} = {A35770C3-740A-4D48-B36D-064718B59EAE}
		{A9AAF92F-2623-4D4A-8893-4F8AA0E7FC6D} = {A35770C3-740A-4D48-B36D-064718B59EAE}
		{AC43FF87-DC88-49EF-9435-28D3CE4B0DFE} = {A35770C3-740A-4D48-B36D-064718B59EAE}
		{BDEDA21D-A1A0-490D-9F6B-5E4AE8B7DC97} = {A35770C3-740A-4D48-B36D-064718B59EAE}
		{92EB2102-B82A-424C-881F-D6B4912AEB25} = {15B804ED-84FB-40F7-BC4A-83D6B56A7975}
		{34DCB362-A91E-497E-B1BC-CB60B4670111} = {BCC6954E-F0EE-48B1-A105-0954F4F4F247}
		{4A9008FA-FC1C-4886-B2F4-3139FFFB91F8} = {34DCB362-A91E-497E-B1BC-CB60B4670111}
		{3B5C9534-60CD-4AF2-BF00-04C252495C0E} = {34DCB362-A91E-497E-B1BC-CB60B4670111}
		{35933D91-F76E-45E4-BD09-658C048256A7} = {34DCB362-A91E-497E-B1BC-CB60B4670111}
		{51664C69-FB90-47A8-84C9-E58303042DCF} = {34DCB362-A91E-497E-B1BC-CB60B4670111}
		{9EEACA6B-461D-4B50-9B6C-03B969EA192D} = {BCC6954E-F0EE-48B1-A105-0954F4F4F247}
		{684A26BC-2AD6-4483-84A9-8233FC33D5CE} = {9EEACA6B-461D-4B50-9B6C-03B969EA192D}
		{6B4EED09-90DA-474B-91F0-FB400EBB3899} = {9EEACA6B-461D-4B50-9B6C-03B969EA192D}
		{66D076A0-D501-4170-BC62-0CBADFBED2C2} = {9EEACA6B-461D-4B50-9B6C-03B969EA192D}
		{8A20DB79-91D5-4A56-AE75-45CA478978E7} = {9EEACA6B-461D-4B50-9B6C-03B969EA192D}
		{8AFAEABD-E308-4F25-8080-96188C7FF378} = {9EEACA6B-461D-4B50-9B6C-03B969EA192D}
		{5486FF76-50AC-475E-8D6C-6224F538CCD7} = {34DCB362-A91E-497E-B1BC-CB60B4670111}
	EndGlobalSection
EndGlobal
